// !$*UTF8*$!
{
	archiveVersion = 1;
	classes = {
	};
	objectVersion = 46;
	objects = {

/* Begin PBXBuildFile section */
		CC834C291CE0A6A4000EF83D /* DataTasksViewController.swift in Sources */ = {isa = PBXBuildFile; fileRef = CC834C281CE0A6A4000EF83D /* DataTasksViewController.swift */; };
		CC834C2C1CE0C7E4000EF83D /* UIColor+ExtraColors.swift in Sources */ = {isa = PBXBuildFile; fileRef = CC834C2B1CE0C7E4000EF83D /* UIColor+ExtraColors.swift */; };
		CC834C321CE0D7E9000EF83D /* ProductFeedbackViewController.swift in Sources */ = {isa = PBXBuildFile; fileRef = CC834C311CE0D7E9000EF83D /* ProductFeedbackViewController.swift */; };
		CC834C341CE0D802000EF83D /* SurveysViewController.swift in Sources */ = {isa = PBXBuildFile; fileRef = CC834C331CE0D802000EF83D /* SurveysViewController.swift */; };
		CCFEB4451CE02F3700A47F9F /* AppDelegate.swift in Sources */ = {isa = PBXBuildFile; fileRef = CCFEB4441CE02F3700A47F9F /* AppDelegate.swift */; };
		CCFEB4471CE02F3700A47F9F /* HomeViewController.swift in Sources */ = {isa = PBXBuildFile; fileRef = CCFEB4461CE02F3700A47F9F /* HomeViewController.swift */; };
		CCFEB44A1CE02F3700A47F9F /* Main.storyboard in Resources */ = {isa = PBXBuildFile; fileRef = CCFEB4481CE02F3700A47F9F /* Main.storyboard */; };
		CCFEB44C1CE02F3700A47F9F /* Assets.xcassets in Resources */ = {isa = PBXBuildFile; fileRef = CCFEB44B1CE02F3700A47F9F /* Assets.xcassets */; };
		CCFEB44F1CE02F3700A47F9F /* LaunchScreen.storyboard in Resources */ = {isa = PBXBuildFile; fileRef = CCFEB44D1CE02F3700A47F9F /* LaunchScreen.storyboard */; };
		CCFEB45A1CE02F3700A47F9F /* taskwizardTests.swift in Sources */ = {isa = PBXBuildFile; fileRef = CCFEB4591CE02F3700A47F9F /* taskwizardTests.swift */; };
		CCFEB4651CE02F3700A47F9F /* taskwizardUITests.swift in Sources */ = {isa = PBXBuildFile; fileRef = CCFEB4641CE02F3700A47F9F /* taskwizardUITests.swift */; };
		CCFEB47C1CE057C400A47F9F /* DisplayViewController.swift in Sources */ = {isa = PBXBuildFile; fileRef = CCFEB47B1CE057C400A47F9F /* DisplayViewController.swift */; };
/* End PBXBuildFile section */

/* Begin PBXContainerItemProxy section */
		CCFEB4561CE02F3700A47F9F /* PBXContainerItemProxy */ = {
			isa = PBXContainerItemProxy;
			containerPortal = CCFEB4391CE02F3600A47F9F /* Project object */;
			proxyType = 1;
			remoteGlobalIDString = CCFEB4401CE02F3600A47F9F;
			remoteInfo = taskwizard;
		};
		CCFEB4611CE02F3700A47F9F /* PBXContainerItemProxy */ = {
			isa = PBXContainerItemProxy;
			containerPortal = CCFEB4391CE02F3600A47F9F /* Project object */;
			proxyType = 1;
			remoteGlobalIDString = CCFEB4401CE02F3600A47F9F;
			remoteInfo = taskwizard;
		};
/* End PBXContainerItemProxy section */

/* Begin PBXFileReference section */
		CC834C281CE0A6A4000EF83D /* DataTasksViewController.swift */ = {isa = PBXFileReference; fileEncoding = 4; lastKnownFileType = sourcecode.swift; path = DataTasksViewController.swift; sourceTree = "<group>"; };
		CC834C2B1CE0C7E4000EF83D /* UIColor+ExtraColors.swift */ = {isa = PBXFileReference; fileEncoding = 4; lastKnownFileType = sourcecode.swift; path = "UIColor+ExtraColors.swift"; sourceTree = "<group>"; };
		CC834C311CE0D7E9000EF83D /* ProductFeedbackViewController.swift */ = {isa = PBXFileReference; fileEncoding = 4; lastKnownFileType = sourcecode.swift; path = ProductFeedbackViewController.swift; sourceTree = "<group>"; };
		CC834C331CE0D802000EF83D /* SurveysViewController.swift */ = {isa = PBXFileReference; fileEncoding = 4; lastKnownFileType = sourcecode.swift; path = SurveysViewController.swift; sourceTree = "<group>"; };
		CCFEB4411CE02F3600A47F9F /* taskwizard.app */ = {isa = PBXFileReference; explicitFileType = wrapper.application; includeInIndex = 0; path = taskwizard.app; sourceTree = BUILT_PRODUCTS_DIR; };
		CCFEB4441CE02F3700A47F9F /* AppDelegate.swift */ = {isa = PBXFileReference; lastKnownFileType = sourcecode.swift; path = AppDelegate.swift; sourceTree = "<group>"; };
		CCFEB4461CE02F3700A47F9F /* HomeViewController.swift */ = {isa = PBXFileReference; lastKnownFileType = sourcecode.swift; path = HomeViewController.swift; sourceTree = "<group>"; };
		CCFEB4491CE02F3700A47F9F /* Base */ = {isa = PBXFileReference; lastKnownFileType = file.storyboard; name = Base; path = Base.lproj/Main.storyboard; sourceTree = "<group>"; };
		CCFEB44B1CE02F3700A47F9F /* Assets.xcassets */ = {isa = PBXFileReference; lastKnownFileType = folder.assetcatalog; path = Assets.xcassets; sourceTree = "<group>"; };
		CCFEB44E1CE02F3700A47F9F /* Base */ = {isa = PBXFileReference; lastKnownFileType = file.storyboard; name = Base; path = Base.lproj/LaunchScreen.storyboard; sourceTree = "<group>"; };
		CCFEB4501CE02F3700A47F9F /* Info.plist */ = {isa = PBXFileReference; lastKnownFileType = text.plist.xml; path = Info.plist; sourceTree = "<group>"; };
		CCFEB4551CE02F3700A47F9F /* taskwizardTests.xctest */ = {isa = PBXFileReference; explicitFileType = wrapper.cfbundle; includeInIndex = 0; path = taskwizardTests.xctest; sourceTree = BUILT_PRODUCTS_DIR; };
		CCFEB4591CE02F3700A47F9F /* taskwizardTests.swift */ = {isa = PBXFileReference; lastKnownFileType = sourcecode.swift; path = taskwizardTests.swift; sourceTree = "<group>"; };
		CCFEB45B1CE02F3700A47F9F /* Info.plist */ = {isa = PBXFileReference; lastKnownFileType = text.plist.xml; path = Info.plist; sourceTree = "<group>"; };
		CCFEB4601CE02F3700A47F9F /* taskwizardUITests.xctest */ = {isa = PBXFileReference; explicitFileType = wrapper.cfbundle; includeInIndex = 0; path = taskwizardUITests.xctest; sourceTree = BUILT_PRODUCTS_DIR; };
		CCFEB4641CE02F3700A47F9F /* taskwizardUITests.swift */ = {isa = PBXFileReference; lastKnownFileType = sourcecode.swift; path = taskwizardUITests.swift; sourceTree = "<group>"; };
		CCFEB4661CE02F3700A47F9F /* Info.plist */ = {isa = PBXFileReference; lastKnownFileType = text.plist.xml; path = Info.plist; sourceTree = "<group>"; };
		CCFEB47B1CE057C400A47F9F /* DisplayViewController.swift */ = {isa = PBXFileReference; fileEncoding = 4; lastKnownFileType = sourcecode.swift; path = DisplayViewController.swift; sourceTree = "<group>"; };
/* End PBXFileReference section */

/* Begin PBXFrameworksBuildPhase section */
		CCFEB43E1CE02F3600A47F9F /* Frameworks */ = {
			isa = PBXFrameworksBuildPhase;
			buildActionMask = 2147483647;
			files = (
			);
			runOnlyForDeploymentPostprocessing = 0;
		};
		CCFEB4521CE02F3700A47F9F /* Frameworks */ = {
			isa = PBXFrameworksBuildPhase;
			buildActionMask = 2147483647;
			files = (
			);
			runOnlyForDeploymentPostprocessing = 0;
		};
		CCFEB45D1CE02F3700A47F9F /* Frameworks */ = {
			isa = PBXFrameworksBuildPhase;
			buildActionMask = 2147483647;
			files = (
			);
			runOnlyForDeploymentPostprocessing = 0;
		};
/* End PBXFrameworksBuildPhase section */

/* Begin PBXGroup section */
		CC834C2A1CE0C7D4000EF83D /* extensions */ = {
			isa = PBXGroup;
			children = (
				CC834C2B1CE0C7E4000EF83D /* UIColor+ExtraColors.swift */,
			);
			name = extensions;
			sourceTree = "<group>";
		};
		CCFEB4381CE02F3600A47F9F = {
			isa = PBXGroup;
			children = (
				CCFEB4431CE02F3700A47F9F /* taskwizard */,
				CCFEB4581CE02F3700A47F9F /* taskwizardTests */,
				CCFEB4631CE02F3700A47F9F /* taskwizardUITests */,
				CCFEB4421CE02F3600A47F9F /* Products */,
			);
			sourceTree = "<group>";
		};
		CCFEB4421CE02F3600A47F9F /* Products */ = {
			isa = PBXGroup;
			children = (
				CCFEB4411CE02F3600A47F9F /* taskwizard.app */,
				CCFEB4551CE02F3700A47F9F /* taskwizardTests.xctest */,
				CCFEB4601CE02F3700A47F9F /* taskwizardUITests.xctest */,
			);
			name = Products;
			sourceTree = "<group>";
		};
		CCFEB4431CE02F3700A47F9F /* taskwizard */ = {
			isa = PBXGroup;
			children = (
				CC834C2A1CE0C7D4000EF83D /* extensions */,
				CCFEB4781CE02F9200A47F9F /* assets */,
				CCFEB4771CE02F7900A47F9F /* supporting */,
				CCFEB4761CE02F7300A47F9F /* lib */,
				CCFEB4751CE02F6500A47F9F /* views */,
				CCFEB4741CE02F5F00A47F9F /* models */,
				CCFEB4731CE02F4D00A47F9F /* controllers */,
				CCFEB4721CE02F4700A47F9F /* storyboards */,
			);
			path = taskwizard;
			sourceTree = "<group>";
		};
		CCFEB4581CE02F3700A47F9F /* taskwizardTests */ = {
			isa = PBXGroup;
			children = (
				CCFEB4591CE02F3700A47F9F /* taskwizardTests.swift */,
				CCFEB45B1CE02F3700A47F9F /* Info.plist */,
			);
			path = taskwizardTests;
			sourceTree = "<group>";
		};
		CCFEB4631CE02F3700A47F9F /* taskwizardUITests */ = {
			isa = PBXGroup;
			children = (
				CCFEB4641CE02F3700A47F9F /* taskwizardUITests.swift */,
				CCFEB4661CE02F3700A47F9F /* Info.plist */,
			);
			path = taskwizardUITests;
			sourceTree = "<group>";
		};
		CCFEB4721CE02F4700A47F9F /* storyboards */ = {
			isa = PBXGroup;
			children = (
				CCFEB4481CE02F3700A47F9F /* Main.storyboard */,
			);
			name = storyboards;
			sourceTree = "<group>";
		};
		CCFEB4731CE02F4D00A47F9F /* controllers */ = {
			isa = PBXGroup;
			children = (
				CCFEB4461CE02F3700A47F9F /* HomeViewController.swift */,
				CCFEB47B1CE057C400A47F9F /* DisplayViewController.swift */,
				CC834C281CE0A6A4000EF83D /* DataTasksViewController.swift */,
				CC834C311CE0D7E9000EF83D /* ProductFeedbackViewController.swift */,
				CC834C331CE0D802000EF83D /* SurveysViewController.swift */,
			);
			name = controllers;
			sourceTree = "<group>";
		};
		CCFEB4741CE02F5F00A47F9F /* models */ = {
			isa = PBXGroup;
			children = (
			);
			name = models;
			sourceTree = "<group>";
		};
		CCFEB4751CE02F6500A47F9F /* views */ = {
			isa = PBXGroup;
			children = (
			);
			name = views;
			sourceTree = "<group>";
		};
		CCFEB4761CE02F7300A47F9F /* lib */ = {
			isa = PBXGroup;
			children = (
			);
			name = lib;
			sourceTree = "<group>";
		};
		CCFEB4771CE02F7900A47F9F /* supporting */ = {
			isa = PBXGroup;
			children = (
				CCFEB4441CE02F3700A47F9F /* AppDelegate.swift */,
				CCFEB44D1CE02F3700A47F9F /* LaunchScreen.storyboard */,
				CCFEB4501CE02F3700A47F9F /* Info.plist */,
			);
			name = supporting;
			sourceTree = "<group>";
		};
		CCFEB4781CE02F9200A47F9F /* assets */ = {
			isa = PBXGroup;
			children = (
				CCFEB44B1CE02F3700A47F9F /* Assets.xcassets */,
			);
			name = assets;
			sourceTree = "<group>";
		};
/* End PBXGroup section */

/* Begin PBXNativeTarget section */
		CCFEB4401CE02F3600A47F9F /* taskwizard */ = {
			isa = PBXNativeTarget;
			buildConfigurationList = CCFEB4691CE02F3700A47F9F /* Build configuration list for PBXNativeTarget "taskwizard" */;
			buildPhases = (
				CCFEB43D1CE02F3600A47F9F /* Sources */,
				CCFEB43E1CE02F3600A47F9F /* Frameworks */,
				CCFEB43F1CE02F3600A47F9F /* Resources */,
			);
			buildRules = (
			);
			dependencies = (
			);
			name = taskwizard;
			productName = taskwizard;
			productReference = CCFEB4411CE02F3600A47F9F /* taskwizard.app */;
			productType = "com.apple.product-type.application";
		};
		CCFEB4541CE02F3700A47F9F /* taskwizardTests */ = {
			isa = PBXNativeTarget;
			buildConfigurationList = CCFEB46C1CE02F3700A47F9F /* Build configuration list for PBXNativeTarget "taskwizardTests" */;
			buildPhases = (
				CCFEB4511CE02F3700A47F9F /* Sources */,
				CCFEB4521CE02F3700A47F9F /* Frameworks */,
				CCFEB4531CE02F3700A47F9F /* Resources */,
			);
			buildRules = (
			);
			dependencies = (
				CCFEB4571CE02F3700A47F9F /* PBXTargetDependency */,
			);
			name = taskwizardTests;
			productName = taskwizardTests;
			productReference = CCFEB4551CE02F3700A47F9F /* taskwizardTests.xctest */;
			productType = "com.apple.product-type.bundle.unit-test";
		};
		CCFEB45F1CE02F3700A47F9F /* taskwizardUITests */ = {
			isa = PBXNativeTarget;
			buildConfigurationList = CCFEB46F1CE02F3700A47F9F /* Build configuration list for PBXNativeTarget "taskwizardUITests" */;
			buildPhases = (
				CCFEB45C1CE02F3700A47F9F /* Sources */,
				CCFEB45D1CE02F3700A47F9F /* Frameworks */,
				CCFEB45E1CE02F3700A47F9F /* Resources */,
			);
			buildRules = (
			);
			dependencies = (
				CCFEB4621CE02F3700A47F9F /* PBXTargetDependency */,
			);
			name = taskwizardUITests;
			productName = taskwizardUITests;
			productReference = CCFEB4601CE02F3700A47F9F /* taskwizardUITests.xctest */;
			productType = "com.apple.product-type.bundle.ui-testing";
		};
/* End PBXNativeTarget section */

/* Begin PBXProject section */
		CCFEB4391CE02F3600A47F9F /* Project object */ = {
			isa = PBXProject;
			attributes = {
				LastSwiftUpdateCheck = 0730;
				LastUpgradeCheck = 0730;
				ORGANIZATIONNAME = Personal;
				TargetAttributes = {
					CCFEB4401CE02F3600A47F9F = {
						CreatedOnToolsVersion = 7.3.1;
					};
					CCFEB4541CE02F3700A47F9F = {
						CreatedOnToolsVersion = 7.3.1;
						TestTargetID = CCFEB4401CE02F3600A47F9F;
					};
					CCFEB45F1CE02F3700A47F9F = {
						CreatedOnToolsVersion = 7.3.1;
						TestTargetID = CCFEB4401CE02F3600A47F9F;
					};
				};
			};
			buildConfigurationList = CCFEB43C1CE02F3600A47F9F /* Build configuration list for PBXProject "taskwizard" */;
			compatibilityVersion = "Xcode 3.2";
			developmentRegion = English;
			hasScannedForEncodings = 0;
			knownRegions = (
				en,
				Base,
			);
			mainGroup = CCFEB4381CE02F3600A47F9F;
			productRefGroup = CCFEB4421CE02F3600A47F9F /* Products */;
			projectDirPath = "";
			projectRoot = "";
			targets = (
				CCFEB4401CE02F3600A47F9F /* taskwizard */,
				CCFEB4541CE02F3700A47F9F /* taskwizardTests */,
				CCFEB45F1CE02F3700A47F9F /* taskwizardUITests */,
			);
		};
/* End PBXProject section */

/* Begin PBXResourcesBuildPhase section */
		CCFEB43F1CE02F3600A47F9F /* Resources */ = {
			isa = PBXResourcesBuildPhase;
			buildActionMask = 2147483647;
			files = (
				CCFEB44F1CE02F3700A47F9F /* LaunchScreen.storyboard in Resources */,
				CCFEB44C1CE02F3700A47F9F /* Assets.xcassets in Resources */,
				CCFEB44A1CE02F3700A47F9F /* Main.storyboard in Resources */,
			);
			runOnlyForDeploymentPostprocessing = 0;
		};
		CCFEB4531CE02F3700A47F9F /* Resources */ = {
			isa = PBXResourcesBuildPhase;
			buildActionMask = 2147483647;
			files = (
			);
			runOnlyForDeploymentPostprocessing = 0;
		};
		CCFEB45E1CE02F3700A47F9F /* Resources */ = {
			isa = PBXResourcesBuildPhase;
			buildActionMask = 2147483647;
			files = (
			);
			runOnlyForDeploymentPostprocessing = 0;
		};
/* End PBXResourcesBuildPhase section */

/* Begin PBXSourcesBuildPhase section */
		CCFEB43D1CE02F3600A47F9F /* Sources */ = {
			isa = PBXSourcesBuildPhase;
			buildActionMask = 2147483647;
			files = (
				CC834C2C1CE0C7E4000EF83D /* UIColor+ExtraColors.swift in Sources */,
				CCFEB4471CE02F3700A47F9F /* HomeViewController.swift in Sources */,
				CCFEB47C1CE057C400A47F9F /* DisplayViewController.swift in Sources */,
				CCFEB4451CE02F3700A47F9F /* AppDelegate.swift in Sources */,
				CC834C341CE0D802000EF83D /* SurveysViewController.swift in Sources */,
				CC834C321CE0D7E9000EF83D /* ProductFeedbackViewController.swift in Sources */,
				CC834C291CE0A6A4000EF83D /* DataTasksViewController.swift in Sources */,
			);
			runOnlyForDeploymentPostprocessing = 0;
		};
		CCFEB4511CE02F3700A47F9F /* Sources */ = {
			isa = PBXSourcesBuildPhase;
			buildActionMask = 2147483647;
			files = (
				CCFEB45A1CE02F3700A47F9F /* taskwizardTests.swift in Sources */,
			);
			runOnlyForDeploymentPostprocessing = 0;
		};
		CCFEB45C1CE02F3700A47F9F /* Sources */ = {
			isa = PBXSourcesBuildPhase;
			buildActionMask = 2147483647;
			files = (
				CCFEB4651CE02F3700A47F9F /* taskwizardUITests.swift in Sources */,
			);
			runOnlyForDeploymentPostprocessing = 0;
		};
/* End PBXSourcesBuildPhase section */

/* Begin PBXTargetDependency section */
		CCFEB4571CE02F3700A47F9F /* PBXTargetDependency */ = {
			isa = PBXTargetDependency;
			target = CCFEB4401CE02F3600A47F9F /* taskwizard */;
			targetProxy = CCFEB4561CE02F3700A47F9F /* PBXContainerItemProxy */;
		};
		CCFEB4621CE02F3700A47F9F /* PBXTargetDependency */ = {
			isa = PBXTargetDependency;
			target = CCFEB4401CE02F3600A47F9F /* taskwizard */;
			targetProxy = CCFEB4611CE02F3700A47F9F /* PBXContainerItemProxy */;
		};
/* End PBXTargetDependency section */

/* Begin PBXVariantGroup section */
		CCFEB4481CE02F3700A47F9F /* Main.storyboard */ = {
			isa = PBXVariantGroup;
			children = (
				CCFEB4491CE02F3700A47F9F /* Base */,
			);
			name = Main.storyboard;
			sourceTree = "<group>";
		};
		CCFEB44D1CE02F3700A47F9F /* LaunchScreen.storyboard */ = {
			isa = PBXVariantGroup;
			children = (
				CCFEB44E1CE02F3700A47F9F /* Base */,
			);
			name = LaunchScreen.storyboard;
			sourceTree = "<group>";
		};
/* End PBXVariantGroup section */

/* Begin XCBuildConfiguration section */
		CCFEB4671CE02F3700A47F9F /* Debug */ = {
			isa = XCBuildConfiguration;
			buildSettings = {
				ALWAYS_SEARCH_USER_PATHS = NO;
				CLANG_ANALYZER_NONNULL = YES;
				CLANG_CXX_LANGUAGE_STANDARD = "gnu++0x";
				CLANG_CXX_LIBRARY = "libc++";
				CLANG_ENABLE_MODULES = YES;
				CLANG_ENABLE_OBJC_ARC = YES;
				CLANG_WARN_BOOL_CONVERSION = YES;
				CLANG_WARN_CONSTANT_CONVERSION = YES;
				CLANG_WARN_DIRECT_OBJC_ISA_USAGE = YES_ERROR;
				CLANG_WARN_EMPTY_BODY = YES;
				CLANG_WARN_ENUM_CONVERSION = YES;
				CLANG_WARN_INT_CONVERSION = YES;
				CLANG_WARN_OBJC_ROOT_CLASS = YES_ERROR;
				CLANG_WARN_UNREACHABLE_CODE = YES;
				CLANG_WARN__DUPLICATE_METHOD_MATCH = YES;
				"CODE_SIGN_IDENTITY[sdk=iphoneos*]" = "iPhone Developer";
				COPY_PHASE_STRIP = NO;
				DEBUG_INFORMATION_FORMAT = dwarf;
				ENABLE_STRICT_OBJC_MSGSEND = YES;
				ENABLE_TESTABILITY = YES;
				GCC_C_LANGUAGE_STANDARD = gnu99;
				GCC_DYNAMIC_NO_PIC = NO;
				GCC_NO_COMMON_BLOCKS = YES;
				GCC_OPTIMIZATION_LEVEL = 0;
				GCC_PREPROCESSOR_DEFINITIONS = (
					"DEBUG=1",
					"$(inherited)",
				);
				GCC_WARN_64_TO_32_BIT_CONVERSION = YES;
				GCC_WARN_ABOUT_RETURN_TYPE = YES_ERROR;
				GCC_WARN_UNDECLARED_SELECTOR = YES;
				GCC_WARN_UNINITIALIZED_AUTOS = YES_AGGRESSIVE;
				GCC_WARN_UNUSED_FUNCTION = YES;
				GCC_WARN_UNUSED_VARIABLE = YES;
				IPHONEOS_DEPLOYMENT_TARGET = 9.3;
				MTL_ENABLE_DEBUG_INFO = YES;
				ONLY_ACTIVE_ARCH = YES;
				SDKROOT = iphoneos;
				SWIFT_OPTIMIZATION_LEVEL = "-Onone";
				TARGETED_DEVICE_FAMILY = "1,2";
			};
			name = Debug;
		};
		CCFEB4681CE02F3700A47F9F /* Release */ = {
			isa = XCBuildConfiguration;
			buildSettings = {
				ALWAYS_SEARCH_USER_PATHS = NO;
				CLANG_ANALYZER_NONNULL = YES;
				CLANG_CXX_LANGUAGE_STANDARD = "gnu++0x";
				CLANG_CXX_LIBRARY = "libc++";
				CLANG_ENABLE_MODULES = YES;
				CLANG_ENABLE_OBJC_ARC = YES;
				CLANG_WARN_BOOL_CONVERSION = YES;
				CLANG_WARN_CONSTANT_CONVERSION = YES;
				CLANG_WARN_DIRECT_OBJC_ISA_USAGE = YES_ERROR;
				CLANG_WARN_EMPTY_BODY = YES;
				CLANG_WARN_ENUM_CONVERSION = YES;
				CLANG_WARN_INT_CONVERSION = YES;
				CLANG_WARN_OBJC_ROOT_CLASS = YES_ERROR;
				CLANG_WARN_UNREACHABLE_CODE = YES;
				CLANG_WARN__DUPLICATE_METHOD_MATCH = YES;
				"CODE_SIGN_IDENTITY[sdk=iphoneos*]" = "iPhone Developer";
				COPY_PHASE_STRIP = NO;
				DEBUG_INFORMATION_FORMAT = "dwarf-with-dsym";
				ENABLE_NS_ASSERTIONS = NO;
				ENABLE_STRICT_OBJC_MSGSEND = YES;
				GCC_C_LANGUAGE_STANDARD = gnu99;
				GCC_NO_COMMON_BLOCKS = YES;
				GCC_WARN_64_TO_32_BIT_CONVERSION = YES;
				GCC_WARN_ABOUT_RETURN_TYPE = YES_ERROR;
				GCC_WARN_UNDECLARED_SELECTOR = YES;
				GCC_WARN_UNINITIALIZED_AUTOS = YES_AGGRESSIVE;
				GCC_WARN_UNUSED_FUNCTION = YES;
				GCC_WARN_UNUSED_VARIABLE = YES;
				IPHONEOS_DEPLOYMENT_TARGET = 9.3;
				MTL_ENABLE_DEBUG_INFO = NO;
				SDKROOT = iphoneos;
				TARGETED_DEVICE_FAMILY = "1,2";
				VALIDATE_PRODUCT = YES;
			};
			name = Release;
		};
		CCFEB46A1CE02F3700A47F9F /* Debug */ = {
			isa = XCBuildConfiguration;
			buildSettings = {
				ASSETCATALOG_COMPILER_APPICON_NAME = AppIcon;
				INFOPLIST_FILE = taskwizard/Info.plist;
				LD_RUNPATH_SEARCH_PATHS = "$(inherited) @executable_path/Frameworks";
				PRODUCT_BUNDLE_IDENTIFIER = com.beta96.taskwizard;
				PRODUCT_NAME = "$(TARGET_NAME)";
			};
			name = Debug;
		};
		CCFEB46B1CE02F3700A47F9F /* Release */ = {
			isa = XCBuildConfiguration;
			buildSettings = {
				ASSETCATALOG_COMPILER_APPICON_NAME = AppIcon;
				INFOPLIST_FILE = taskwizard/Info.plist;
				LD_RUNPATH_SEARCH_PATHS = "$(inherited) @executable_path/Frameworks";
				PRODUCT_BUNDLE_IDENTIFIER = com.beta96.taskwizard;
				PRODUCT_NAME = "$(TARGET_NAME)";
			};
			name = Release;
		};
		CCFEB46D1CE02F3700A47F9F /* Debug */ = {
			isa = XCBuildConfiguration;
			buildSettings = {
				BUNDLE_LOADER = "$(TEST_HOST)";
				INFOPLIST_FILE = taskwizardTests/Info.plist;
				LD_RUNPATH_SEARCH_PATHS = "$(inherited) @executable_path/Frameworks @loader_path/Frameworks";
				PRODUCT_BUNDLE_IDENTIFIER = com.beta96.taskwizardTests;
				PRODUCT_NAME = "$(TARGET_NAME)";
				TEST_HOST = "$(BUILT_PRODUCTS_DIR)/taskwizard.app/taskwizard";
			};
			name = Debug;
		};
		CCFEB46E1CE02F3700A47F9F /* Release */ = {
			isa = XCBuildConfiguration;
			buildSettings = {
				BUNDLE_LOADER = "$(TEST_HOST)";
				INFOPLIST_FILE = taskwizardTests/Info.plist;
				LD_RUNPATH_SEARCH_PATHS = "$(inherited) @executable_path/Frameworks @loader_path/Frameworks";
				PRODUCT_BUNDLE_IDENTIFIER = com.beta96.taskwizardTests;
				PRODUCT_NAME = "$(TARGET_NAME)";
				TEST_HOST = "$(BUILT_PRODUCTS_DIR)/taskwizard.app/taskwizard";
			};
			name = Release;
		};
		CCFEB4701CE02F3700A47F9F /* Debug */ = {
			isa = XCBuildConfiguration;
			buildSettings = {
				INFOPLIST_FILE = taskwizardUITests/Info.plist;
				LD_RUNPATH_SEARCH_PATHS = "$(inherited) @executable_path/Frameworks @loader_path/Frameworks";
				PRODUCT_BUNDLE_IDENTIFIER = com.beta96.taskwizardUITests;
				PRODUCT_NAME = "$(TARGET_NAME)";
				TEST_TARGET_NAME = taskwizard;
			};
			name = Debug;
		};
		CCFEB4711CE02F3700A47F9F /* Release */ = {
			isa = XCBuildConfiguration;
			buildSettings = {
				INFOPLIST_FILE = taskwizardUITests/Info.plist;
				LD_RUNPATH_SEARCH_PATHS = "$(inherited) @executable_path/Frameworks @loader_path/Frameworks";
				PRODUCT_BUNDLE_IDENTIFIER = com.beta96.taskwizardUITests;
				PRODUCT_NAME = "$(TARGET_NAME)";
				TEST_TARGET_NAME = taskwizard;
			};
			name = Release;
		};
/* End XCBuildConfiguration section */

/* Begin XCConfigurationList section */
		CCFEB43C1CE02F3600A47F9F /* Build configuration list for PBXProject "taskwizard" */ = {
			isa = XCConfigurationList;
			buildConfigurations = (
				CCFEB4671CE02F3700A47F9F /* Debug */,
				CCFEB4681CE02F3700A47F9F /* Release */,
			);
			defaultConfigurationIsVisible = 0;
			defaultConfigurationName = Release;
		};
		CCFEB4691CE02F3700A47F9F /* Build configuration list for PBXNativeTarget "taskwizard" */ = {
			isa = XCConfigurationList;
			buildConfigurations = (
				CCFEB46A1CE02F3700A47F9F /* Debug */,
				CCFEB46B1CE02F3700A47F9F /* Release */,
			);
			defaultConfigurationIsVisible = 0;
			defaultConfigurationName = Release;
		};
		CCFEB46C1CE02F3700A47F9F /* Build configuration list for PBXNativeTarget "taskwizardTests" */ = {
			isa = XCConfigurationList;
			buildConfigurations = (
				CCFEB46D1CE02F3700A47F9F /* Debug */,
				CCFEB46E1CE02F3700A47F9F /* Release */,
			);
			defaultConfigurationIsVisible = 0;
			defaultConfigurationName = Release;
		};
		CCFEB46F1CE02F3700A47F9F /* Build configuration list for PBXNativeTarget "taskwizardUITests" */ = {
			isa = XCConfigurationList;
			buildConfigurations = (
				CCFEB4701CE02F3700A47F9F /* Debug */,
				CCFEB4711CE02F3700A47F9F /* Release */,
			);
			defaultConfigurationIsVisible = 0;
			defaultConfigurationName = Release;
		};
/* End XCConfigurationList section */
	};
	rootObject = CCFEB4391CE02F3600A47F9F /* Project object */;
}
